
Microsoft Visual Studio Solution File, Format Version 12.00
# Visual Studio Version 17
VisualStudioVersion = 17.13.35825.156 d17.13
MinimumVisualStudioVersion = 10.0.40219.1
Project("{FAE04EC0-301F-11D3-BF4B-00C04F79EFBC}") = "ResuMate", "ResuMate\ResuMate\ResuMate.csproj", "{37BE3BBA-DFAA-4219-B45F-BE956217BC10}"
EndProject
Project("{FAE04EC0-301F-11D3-BF4B-00C04F79EFBC}") = "ResuMate.Client", "ResuMate\ResuMate.Client\ResuMate.Client.csproj", "{588629D8-55DD-4A9F-A02B-F9A71C5E90AF}"
EndProject
Project("{FAE04EC0-301F-11D3-BF4B-00C04F79EFBC}") = "ResuMate.WebApi", "ResuMate.WebApi\ResuMate.WebApi.csproj", "{B14ED4EF-4CDF-4F94-8601-43B13D23AB27}"
EndProject
Global
	GlobalSection(SolutionConfigurationPlatforms) = preSolution
		Debug|Any CPU = Debug|Any CPU
		Release|Any CPU = Release|Any CPU
	EndGlobalSection
	GlobalSection(ProjectConfigurationPlatforms) = postSolution
		{37BE3BBA-DFAA-4219-B45F-BE956217BC10}.Debug|Any CPU.ActiveCfg = Debug|Any CPU
		{37BE3BBA-DFAA-4219-B45F-BE956217BC10}.Debug|Any CPU.Build.0 = Debug|Any CPU
		{37BE3BBA-DFAA-4219-B45F-BE956217BC10}.Release|Any CPU.ActiveCfg = Release|Any CPU
		{37BE3BBA-DFAA-4219-B45F-BE956217BC10}.Release|Any CPU.Build.0 = Release|Any CPU
		{588629D8-55DD-4A9F-A02B-F9A71C5E90AF}.Debug|Any CPU.ActiveCfg = Debug|Any CPU
		{588629D8-55DD-4A9F-A02B-F9A71C5E90AF}.Debug|Any CPU.Build.0 = Debug|Any CPU
		{588629D8-55DD-4A9F-A02B-F9A71C5E90AF}.Release|Any CPU.ActiveCfg = Release|Any CPU
		{588629D8-55DD-4A9F-A02B-F9A71C5E90AF}.Release|Any CPU.Build.0 = Release|Any CPU
		{B14ED4EF-4CDF-4F94-8601-43B13D23AB27}.Debug|Any CPU.ActiveCfg = Debug|Any CPU
		{B14ED4EF-4CDF-4F94-8601-43B13D23AB27}.Debug|Any CPU.Build.0 = Debug|Any CPU
		{B14ED4EF-4CDF-4F94-8601-43B13D23AB27}.Release|Any CPU.ActiveCfg = Release|Any CPU
		{B14ED4EF-4CDF-4F94-8601-43B13D23AB27}.Release|Any CPU.Build.0 = Release|Any CPU
	EndGlobalSection
	GlobalSection(SolutionProperties) = preSolution
		HideSolutionNode = FALSE
	EndGlobalSection
	GlobalSection(ExtensibilityGlobals) = postSolution
		SolutionGuid = {22451DD6-C544-4D4F-8420-003C5609C87C}
	EndGlobalSection
EndGlobal
